
Microsoft Visual Studio Solution File, Format Version 12.00
# Visual Studio Version 17
VisualStudioVersion = 17.3.32929.385
MinimumVisualStudioVersion = 10.0.40219.1
Project("{FAE04EC0-301F-11D3-BF4B-00C04F79EFBC}") = "OpenWeatherMapAPI", "OpenWeatherMapAPI\OpenWeatherMapAPI.csproj", "{A846EA69-5FB4-4976-BA1A-7FB71BD14677}"
EndProject
Global
	GlobalSection(SolutionConfigurationPlatforms) = preSolution
		Debug|Any CPU = Debug|Any CPU
		Release|Any CPU = Release|Any CPU
	EndGlobalSection
	GlobalSection(ProjectConfigurationPlatforms) = postSolution
		{A846EA69-5FB4-4976-BA1A-7FB71BD14677}.Debug|Any CPU.ActiveCfg = Debug|Any CPU
		{A846EA69-5FB4-4976-BA1A-7FB71BD14677}.Debug|Any CPU.Build.0 = Debug|Any CPU
		{A846EA69-5FB4-4976-BA1A-7FB71BD14677}.Release|Any CPU.ActiveCfg = Release|Any CPU
		{A846EA69-5FB4-4976-BA1A-7FB71BD14677}.Release|Any CPU.Build.0 = Release|Any CPU
	EndGlobalSection
	GlobalSection(SolutionProperties) = preSolution
		HideSolutionNode = FALSE
	EndGlobalSection
	GlobalSection(ExtensibilityGlobals) = postSolution
		SolutionGuid = {B9208EC0-D02C-42AF-A14E-FB693A84361E}
	EndGlobalSection
EndGlobal
